
Microsoft Visual Studio Solution File, Format Version 12.00
# Visual Studio Version 17
VisualStudioVersion = 17.10.35027.167
MinimumVisualStudioVersion = 10.0.40219.1
Project("{FAE04EC0-301F-11D3-BF4B-00C04F79EFBC}") = "TwitchAuthLib", "TwitchAuthLib\TwitchAuthLib.csproj", "{9B663CE8-1D31-4100-A21D-C53FCACC60F3}"
EndProject
Global
	GlobalSection(SolutionConfigurationPlatforms) = preSolution
		Debug|Any CPU = Debug|Any CPU
		Release|Any CPU = Release|Any CPU
	EndGlobalSection
	GlobalSection(ProjectConfigurationPlatforms) = postSolution
		{9B663CE8-1D31-4100-A21D-C53FCACC60F3}.Debug|Any CPU.ActiveCfg = Debug|Any CPU
		{9B663CE8-1D31-4100-A21D-C53FCACC60F3}.Debug|Any CPU.Build.0 = Debug|Any CPU
		{9B663CE8-1D31-4100-A21D-C53FCACC60F3}.Release|Any CPU.ActiveCfg = Release|Any CPU
		{9B663CE8-1D31-4100-A21D-C53FCACC60F3}.Release|Any CPU.Build.0 = Release|Any CPU
	EndGlobalSection
	GlobalSection(SolutionProperties) = preSolution
		HideSolutionNode = FALSE
	EndGlobalSection
	GlobalSection(ExtensibilityGlobals) = postSolution
		SolutionGuid = {7F571C1B-22D6-4C87-8B13-B0FC48E6F024}
	EndGlobalSection
EndGlobal
